// !$*UTF8*$!
{
	archiveVersion = 1;
	classes = {
	};
	objectVersion = 48;
	objects = {

/* Begin PBXBuildFile section */
		04EA54A41FB714BD007B09FE /* AppDelegate.swift in Sources */ = {isa = PBXBuildFile; fileRef = 04EA54A31FB714BD007B09FE /* AppDelegate.swift */; };
		04EA54A61FB714BD007B09FE /* ViewController.swift in Sources */ = {isa = PBXBuildFile; fileRef = 04EA54A51FB714BD007B09FE /* ViewController.swift */; };
		04EA54A91FB714BD007B09FE /* Main.storyboard in Resources */ = {isa = PBXBuildFile; fileRef = 04EA54A71FB714BD007B09FE /* Main.storyboard */; };
		04EA54AC1FB714BD007B09FE /* test2.xcdatamodeld in Sources */ = {isa = PBXBuildFile; fileRef = 04EA54AA1FB714BD007B09FE /* test2.xcdatamodeld */; };
		04EA54AE1FB714BD007B09FE /* Assets.xcassets in Resources */ = {isa = PBXBuildFile; fileRef = 04EA54AD1FB714BD007B09FE /* Assets.xcassets */; };
		04EA54B11FB714BD007B09FE /* LaunchScreen.storyboard in Resources */ = {isa = PBXBuildFile; fileRef = 04EA54AF1FB714BD007B09FE /* LaunchScreen.storyboard */; };
		04EA54BC1FB714BD007B09FE /* test2Tests.swift in Sources */ = {isa = PBXBuildFile; fileRef = 04EA54BB1FB714BD007B09FE /* test2Tests.swift */; };
		04EA54C71FB714BD007B09FE /* test2UITests.swift in Sources */ = {isa = PBXBuildFile; fileRef = 04EA54C61FB714BD007B09FE /* test2UITests.swift */; };
/* End PBXBuildFile section */

/* Begin PBXContainerItemProxy section */
		04EA54B81FB714BD007B09FE /* PBXContainerItemProxy */ = {
			isa = PBXContainerItemProxy;
			containerPortal = 04EA54981FB714BD007B09FE /* Project object */;
			proxyType = 1;
			remoteGlobalIDString = 04EA549F1FB714BD007B09FE;
			remoteInfo = test2;
		};
		04EA54C31FB714BD007B09FE /* PBXContainerItemProxy */ = {
			isa = PBXContainerItemProxy;
			containerPortal = 04EA54981FB714BD007B09FE /* Project object */;
			proxyType = 1;
			remoteGlobalIDString = 04EA549F1FB714BD007B09FE;
			remoteInfo = test2;
		};
/* End PBXContainerItemProxy section */

/* Begin PBXFileReference section */
		04EA54A01FB714BD007B09FE /* test2.app */ = {isa = PBXFileReference; explicitFileType = wrapper.application; includeInIndex = 0; path = test2.app; sourceTree = BUILT_PRODUCTS_DIR; };
		04EA54A31FB714BD007B09FE /* AppDelegate.swift */ = {isa = PBXFileReference; lastKnownFileType = sourcecode.swift; path = AppDelegate.swift; sourceTree = "<group>"; };
		04EA54A51FB714BD007B09FE /* ViewController.swift */ = {isa = PBXFileReference; lastKnownFileType = sourcecode.swift; path = ViewController.swift; sourceTree = "<group>"; };
		04EA54A81FB714BD007B09FE /* Base */ = {isa = PBXFileReference; lastKnownFileType = file.storyboard; name = Base; path = Base.lproj/Main.storyboard; sourceTree = "<group>"; };
		04EA54AB1FB714BD007B09FE /* test2.xcdatamodel */ = {isa = PBXFileReference; lastKnownFileType = wrapper.xcdatamodel; path = test2.xcdatamodel; sourceTree = "<group>"; };
		04EA54AD1FB714BD007B09FE /* Assets.xcassets */ = {isa = PBXFileReference; lastKnownFileType = folder.assetcatalog; path = Assets.xcassets; sourceTree = "<group>"; };
		04EA54B01FB714BD007B09FE /* Base */ = {isa = PBXFileReference; lastKnownFileType = file.storyboard; name = Base; path = Base.lproj/LaunchScreen.storyboard; sourceTree = "<group>"; };
		04EA54B21FB714BD007B09FE /* Info.plist */ = {isa = PBXFileReference; lastKnownFileType = text.plist.xml; path = Info.plist; sourceTree = "<group>"; };
		04EA54B71FB714BD007B09FE /* test2Tests.xctest */ = {isa = PBXFileReference; explicitFileType = wrapper.cfbundle; includeInIndex = 0; path = test2Tests.xctest; sourceTree = BUILT_PRODUCTS_DIR; };
		04EA54BB1FB714BD007B09FE /* test2Tests.swift */ = {isa = PBXFileReference; lastKnownFileType = sourcecode.swift; path = test2Tests.swift; sourceTree = "<group>"; };
		04EA54BD1FB714BD007B09FE /* Info.plist */ = {isa = PBXFileReference; lastKnownFileType = text.plist.xml; path = Info.plist; sourceTree = "<group>"; };
		04EA54C21FB714BD007B09FE /* test2UITests.xctest */ = {isa = PBXFileReference; explicitFileType = wrapper.cfbundle; includeInIndex = 0; path = test2UITests.xctest; sourceTree = BUILT_PRODUCTS_DIR; };
		04EA54C61FB714BD007B09FE /* test2UITests.swift */ = {isa = PBXFileReference; lastKnownFileType = sourcecode.swift; path = test2UITests.swift; sourceTree = "<group>"; };
		04EA54C81FB714BD007B09FE /* Info.plist */ = {isa = PBXFileReference; lastKnownFileType = text.plist.xml; path = Info.plist; sourceTree = "<group>"; };
/* End PBXFileReference section */

/* Begin PBXFrameworksBuildPhase section */
		04EA549D1FB714BD007B09FE /* Frameworks */ = {
			isa = PBXFrameworksBuildPhase;
			buildActionMask = 2147483647;
			files = (
			);
			runOnlyForDeploymentPostprocessing = 0;
		};
		04EA54B41FB714BD007B09FE /* Frameworks */ = {
			isa = PBXFrameworksBuildPhase;
			buildActionMask = 2147483647;
			files = (
			);
			runOnlyForDeploymentPostprocessing = 0;
		};
		04EA54BF1FB714BD007B09FE /* Frameworks */ = {
			isa = PBXFrameworksBuildPhase;
			buildActionMask = 2147483647;
			files = (
			);
			runOnlyForDeploymentPostprocessing = 0;
		};
/* End PBXFrameworksBuildPhase section */

/* Begin PBXGroup section */
		04EA54971FB714BD007B09FE = {
			isa = PBXGroup;
			children = (
				04EA54A21FB714BD007B09FE /* test2 */,
				04EA54BA1FB714BD007B09FE /* test2Tests */,
				04EA54C51FB714BD007B09FE /* test2UITests */,
				04EA54A11FB714BD007B09FE /* Products */,
			);
			sourceTree = "<group>";
		};
		04EA54A11FB714BD007B09FE /* Products */ = {
			isa = PBXGroup;
			children = (
				04EA54A01FB714BD007B09FE /* test2.app */,
				04EA54B71FB714BD007B09FE /* test2Tests.xctest */,
				04EA54C21FB714BD007B09FE /* test2UITests.xctest */,
			);
			name = Products;
			sourceTree = "<group>";
		};
		04EA54A21FB714BD007B09FE /* test2 */ = {
			isa = PBXGroup;
			children = (
				04EA54A31FB714BD007B09FE /* AppDelegate.swift */,
				04EA54A51FB714BD007B09FE /* ViewController.swift */,
				04EA54A71FB714BD007B09FE /* Main.storyboard */,
				04EA54AD1FB714BD007B09FE /* Assets.xcassets */,
				04EA54AF1FB714BD007B09FE /* LaunchScreen.storyboard */,
				04EA54B21FB714BD007B09FE /* Info.plist */,
				04EA54AA1FB714BD007B09FE /* test2.xcdatamodeld */,
			);
			path = test2;
			sourceTree = "<group>";
		};
		04EA54BA1FB714BD007B09FE /* test2Tests */ = {
			isa = PBXGroup;
			children = (
				04EA54BB1FB714BD007B09FE /* test2Tests.swift */,
				04EA54BD1FB714BD007B09FE /* Info.plist */,
			);
			path = test2Tests;
			sourceTree = "<group>";
		};
		04EA54C51FB714BD007B09FE /* test2UITests */ = {
			isa = PBXGroup;
			children = (
				04EA54C61FB714BD007B09FE /* test2UITests.swift */,
				04EA54C81FB714BD007B09FE /* Info.plist */,
			);
			path = test2UITests;
			sourceTree = "<group>";
		};
/* End PBXGroup section */

/* Begin PBXNativeTarget section */
		04EA549F1FB714BD007B09FE /* test2 */ = {
			isa = PBXNativeTarget;
			buildConfigurationList = 04EA54CB1FB714BD007B09FE /* Build configuration list for PBXNativeTarget "test2" */;
			buildPhases = (
				04EA549C1FB714BD007B09FE /* Sources */,
				04EA549D1FB714BD007B09FE /* Frameworks */,
				04EA549E1FB714BD007B09FE /* Resources */,
			);
			buildRules = (
			);
			dependencies = (
			);
			name = test2;
			productName = test2;
			productReference = 04EA54A01FB714BD007B09FE /* test2.app */;
			productType = "com.apple.product-type.application";
		};
		04EA54B61FB714BD007B09FE /* test2Tests */ = {
			isa = PBXNativeTarget;
			buildConfigurationList = 04EA54CE1FB714BD007B09FE /* Build configuration list for PBXNativeTarget "test2Tests" */;
			buildPhases = (
				04EA54B31FB714BD007B09FE /* Sources */,
				04EA54B41FB714BD007B09FE /* Frameworks */,
				04EA54B51FB714BD007B09FE /* Resources */,
			);
			buildRules = (
			);
			dependencies = (
				04EA54B91FB714BD007B09FE /* PBXTargetDependency */,
			);
			name = test2Tests;
			productName = test2Tests;
			productReference = 04EA54B71FB714BD007B09FE /* test2Tests.xctest */;
			productType = "com.apple.product-type.bundle.unit-test";
		};
		04EA54C11FB714BD007B09FE /* test2UITests */ = {
			isa = PBXNativeTarget;
			buildConfigurationList = 04EA54D11FB714BD007B09FE /* Build configuration list for PBXNativeTarget "test2UITests" */;
			buildPhases = (
				04EA54BE1FB714BD007B09FE /* Sources */,
				04EA54BF1FB714BD007B09FE /* Frameworks */,
				04EA54C01FB714BD007B09FE /* Resources */,
			);
			buildRules = (
			);
			dependencies = (
				04EA54C41FB714BD007B09FE /* PBXTargetDependency */,
			);
			name = test2UITests;
			productName = test2UITests;
			productReference = 04EA54C21FB714BD007B09FE /* test2UITests.xctest */;
			productType = "com.apple.product-type.bundle.ui-testing";
		};
/* End PBXNativeTarget section */

/* Begin PBXProject section */
		04EA54981FB714BD007B09FE /* Project object */ = {
			isa = PBXProject;
			attributes = {
				LastSwiftUpdateCheck = 0910;
				LastUpgradeCheck = 0910;
				ORGANIZATIONNAME = "上田　護";
				TargetAttributes = {
					04EA549F1FB714BD007B09FE = {
						CreatedOnToolsVersion = 9.1;
						ProvisioningStyle = Automatic;
					};
					04EA54B61FB714BD007B09FE = {
						CreatedOnToolsVersion = 9.1;
						ProvisioningStyle = Automatic;
						TestTargetID = 04EA549F1FB714BD007B09FE;
					};
					04EA54C11FB714BD007B09FE = {
						CreatedOnToolsVersion = 9.1;
						ProvisioningStyle = Automatic;
						TestTargetID = 04EA549F1FB714BD007B09FE;
					};
				};
			};
			buildConfigurationList = 04EA549B1FB714BD007B09FE /* Build configuration list for PBXProject "test2" */;
			compatibilityVersion = "Xcode 8.0";
			developmentRegion = en;
			hasScannedForEncodings = 0;
			knownRegions = (
				en,
				Base,
			);
			mainGroup = 04EA54971FB714BD007B09FE;
			productRefGroup = 04EA54A11FB714BD007B09FE /* Products */;
			projectDirPath = "";
			projectRoot = "";
			targets = (
				04EA549F1FB714BD007B09FE /* test2 */,
				04EA54B61FB714BD007B09FE /* test2Tests */,
				04EA54C11FB714BD007B09FE /* test2UITests */,
			);
		};
/* End PBXProject section */

/* Begin PBXResourcesBuildPhase section */
		04EA549E1FB714BD007B09FE /* Resources */ = {
			isa = PBXResourcesBuildPhase;
			buildActionMask = 2147483647;
			files = (
				04EA54B11FB714BD007B09FE /* LaunchScreen.storyboard in Resources */,
				04EA54AE1FB714BD007B09FE /* Assets.xcassets in Resources */,
				04EA54A91FB714BD007B09FE /* Main.storyboard in Resources */,
			);
			runOnlyForDeploymentPostprocessing = 0;
		};
		04EA54B51FB714BD007B09FE /* Resources */ = {
			isa = PBXResourcesBuildPhase;
			buildActionMask = 2147483647;
			files = (
			);
			runOnlyForDeploymentPostprocessing = 0;
		};
		04EA54C01FB714BD007B09FE /* Resources */ = {
			isa = PBXResourcesBuildPhase;
			buildActionMask = 2147483647;
			files = (
			);
			runOnlyForDeploymentPostprocessing = 0;
		};
/* End PBXResourcesBuildPhase section */

/* Begin PBXSourcesBuildPhase section */
		04EA549C1FB714BD007B09FE /* Sources */ = {
			isa = PBXSourcesBuildPhase;
			buildActionMask = 2147483647;
			files = (
				04EA54A61FB714BD007B09FE /* ViewController.swift in Sources */,
				04EA54AC1FB714BD007B09FE /* test2.xcdatamodeld in Sources */,
				04EA54A41FB714BD007B09FE /* AppDelegate.swift in Sources */,
			);
			runOnlyForDeploymentPostprocessing = 0;
		};
		04EA54B31FB714BD007B09FE /* Sources */ = {
			isa = PBXSourcesBuildPhase;
			buildActionMask = 2147483647;
			files = (
				04EA54BC1FB714BD007B09FE /* test2Tests.swift in Sources */,
			);
			runOnlyForDeploymentPostprocessing = 0;
		};
		04EA54BE1FB714BD007B09FE /* Sources */ = {
			isa = PBXSourcesBuildPhase;
			buildActionMask = 2147483647;
			files = (
				04EA54C71FB714BD007B09FE /* test2UITests.swift in Sources */,
			);
			runOnlyForDeploymentPostprocessing = 0;
		};
/* End PBXSourcesBuildPhase section */

/* Begin PBXTargetDependency section */
		04EA54B91FB714BD007B09FE /* PBXTargetDependency */ = {
			isa = PBXTargetDependency;
			target = 04EA549F1FB714BD007B09FE /* test2 */;
			targetProxy = 04EA54B81FB714BD007B09FE /* PBXContainerItemProxy */;
		};
		04EA54C41FB714BD007B09FE /* PBXTargetDependency */ = {
			isa = PBXTargetDependency;
			target = 04EA549F1FB714BD007B09FE /* test2 */;
			targetProxy = 04EA54C31FB714BD007B09FE /* PBXContainerItemProxy */;
		};
/* End PBXTargetDependency section */

/* Begin PBXVariantGroup section */
		04EA54A71FB714BD007B09FE /* Main.storyboard */ = {
			isa = PBXVariantGroup;
			children = (
				04EA54A81FB714BD007B09FE /* Base */,
			);
			name = Main.storyboard;
			sourceTree = "<group>";
		};
		04EA54AF1FB714BD007B09FE /* LaunchScreen.storyboard */ = {
			isa = PBXVariantGroup;
			children = (
				04EA54B01FB714BD007B09FE /* Base */,
			);
			name = LaunchScreen.storyboard;
			sourceTree = "<group>";
		};
/* End PBXVariantGroup section */

/* Begin XCBuildConfiguration section */
		04EA54C91FB714BD007B09FE /* Debug */ = {
			isa = XCBuildConfiguration;
			buildSettings = {
				ALWAYS_SEARCH_USER_PATHS = NO;
				CLANG_ANALYZER_NONNULL = YES;
				CLANG_ANALYZER_NUMBER_OBJECT_CONVERSION = YES_AGGRESSIVE;
				CLANG_CXX_LANGUAGE_STANDARD = "gnu++14";
				CLANG_CXX_LIBRARY = "libc++";
				CLANG_ENABLE_MODULES = YES;
				CLANG_ENABLE_OBJC_ARC = YES;
				CLANG_WARN_BLOCK_CAPTURE_AUTORELEASING = YES;
				CLANG_WARN_BOOL_CONVERSION = YES;
				CLANG_WARN_COMMA = YES;
				CLANG_WARN_CONSTANT_CONVERSION = YES;
				CLANG_WARN_DIRECT_OBJC_ISA_USAGE = YES_ERROR;
				CLANG_WARN_DOCUMENTATION_COMMENTS = YES;
				CLANG_WARN_EMPTY_BODY = YES;
				CLANG_WARN_ENUM_CONVERSION = YES;
				CLANG_WARN_INFINITE_RECURSION = YES;
				CLANG_WARN_INT_CONVERSION = YES;
				CLANG_WARN_NON_LITERAL_NULL_CONVERSION = YES;
				CLANG_WARN_OBJC_LITERAL_CONVERSION = YES;
				CLANG_WARN_OBJC_ROOT_CLASS = YES_ERROR;
				CLANG_WARN_RANGE_LOOP_ANALYSIS = YES;
				CLANG_WARN_STRICT_PROTOTYPES = YES;
				CLANG_WARN_SUSPICIOUS_MOVE = YES;
				CLANG_WARN_UNGUARDED_AVAILABILITY = YES_AGGRESSIVE;
				CLANG_WARN_UNREACHABLE_CODE = YES;
				CLANG_WARN__DUPLICATE_METHOD_MATCH = YES;
				CODE_SIGN_IDENTITY = "iPhone Developer";
				COPY_PHASE_STRIP = NO;
				DEBUG_INFORMATION_FORMAT = dwarf;
				ENABLE_STRICT_OBJC_MSGSEND = YES;
				ENABLE_TESTABILITY = YES;
				GCC_C_LANGUAGE_STANDARD = gnu11;
				GCC_DYNAMIC_NO_PIC = NO;
				GCC_NO_COMMON_BLOCKS = YES;
				GCC_OPTIMIZATION_LEVEL = 0;
				GCC_PREPROCESSOR_DEFINITIONS = (
					"DEBUG=1",
					"$(inherited)",
				);
				GCC_WARN_64_TO_32_BIT_CONVERSION = YES;
				GCC_WARN_ABOUT_RETURN_TYPE = YES_ERROR;
				GCC_WARN_UNDECLARED_SELECTOR = YES;
				GCC_WARN_UNINITIALIZED_AUTOS = YES_AGGRESSIVE;
				GCC_WARN_UNUSED_FUNCTION = YES;
				GCC_WARN_UNUSED_VARIABLE = YES;
				IPHONEOS_DEPLOYMENT_TARGET = 11.1;
				MTL_ENABLE_DEBUG_INFO = YES;
				ONLY_ACTIVE_ARCH = YES;
				SDKROOT = iphoneos;
				SWIFT_ACTIVE_COMPILATION_CONDITIONS = DEBUG;
				SWIFT_OPTIMIZATION_LEVEL = "-Onone";
			};
			name = Debug;
		};
		04EA54CA1FB714BD007B09FE /* Release */ = {
			isa = XCBuildConfiguration;
			buildSettings = {
				ALWAYS_SEARCH_USER_PATHS = NO;
				CLANG_ANALYZER_NONNULL = YES;
				CLANG_ANALYZER_NUMBER_OBJECT_CONVERSION = YES_AGGRESSIVE;
				CLANG_CXX_LANGUAGE_STANDARD = "gnu++14";
				CLANG_CXX_LIBRARY = "libc++";
				CLANG_ENABLE_MODULES = YES;
				CLANG_ENABLE_OBJC_ARC = YES;
				CLANG_WARN_BLOCK_CAPTURE_AUTORELEASING = YES;
				CLANG_WARN_BOOL_CONVERSION = YES;
				CLANG_WARN_COMMA = YES;
				CLANG_WARN_CONSTANT_CONVERSION = YES;
				CLANG_WARN_DIRECT_OBJC_ISA_USAGE = YES_ERROR;
				CLANG_WARN_DOCUMENTATION_COMMENTS = YES;
				CLANG_WARN_EMPTY_BODY = YES;
				CLANG_WARN_ENUM_CONVERSION = YES;
				CLANG_WARN_INFINITE_RECURSION = YES;
				CLANG_WARN_INT_CONVERSION = YES;
				CLANG_WARN_NON_LITERAL_NULL_CONVERSION = YES;
				CLANG_WARN_OBJC_LITERAL_CONVERSION = YES;
				CLANG_WARN_OBJC_ROOT_CLASS = YES_ERROR;
				CLANG_WARN_RANGE_LOOP_ANALYSIS = YES;
				CLANG_WARN_STRICT_PROTOTYPES = YES;
				CLANG_WARN_SUSPICIOUS_MOVE = YES;
				CLANG_WARN_UNGUARDED_AVAILABILITY = YES_AGGRESSIVE;
				CLANG_WARN_UNREACHABLE_CODE = YES;
				CLANG_WARN__DUPLICATE_METHOD_MATCH = YES;
				CODE_SIGN_IDENTITY = "iPhone Developer";
				COPY_PHASE_STRIP = NO;
				DEBUG_INFORMATION_FORMAT = "dwarf-with-dsym";
				ENABLE_NS_ASSERTIONS = NO;
				ENABLE_STRICT_OBJC_MSGSEND = YES;
				GCC_C_LANGUAGE_STANDARD = gnu11;
				GCC_NO_COMMON_BLOCKS = YES;
				GCC_WARN_64_TO_32_BIT_CONVERSION = YES;
				GCC_WARN_ABOUT_RETURN_TYPE = YES_ERROR;
				GCC_WARN_UNDECLARED_SELECTOR = YES;
				GCC_WARN_UNINITIALIZED_AUTOS = YES_AGGRESSIVE;
				GCC_WARN_UNUSED_FUNCTION = YES;
				GCC_WARN_UNUSED_VARIABLE = YES;
				IPHONEOS_DEPLOYMENT_TARGET = 11.1;
				MTL_ENABLE_DEBUG_INFO = NO;
				SDKROOT = iphoneos;
				SWIFT_OPTIMIZATION_LEVEL = "-Owholemodule";
				VALIDATE_PRODUCT = YES;
			};
			name = Release;
		};
		04EA54CC1FB714BD007B09FE /* Debug */ = {
			isa = XCBuildConfiguration;
			buildSettings = {
				ASSETCATALOG_COMPILER_APPICON_NAME = AppIcon;
				CODE_SIGN_STYLE = Automatic;
				DEVELOPMENT_TEAM = 9RWL9BWXDB;
				INFOPLIST_FILE = test2/Info.plist;
				LD_RUNPATH_SEARCH_PATHS = "$(inherited) @executable_path/Frameworks";
				PRODUCT_BUNDLE_IDENTIFIER = com.default.test2;
				PRODUCT_NAME = "$(TARGET_NAME)";
				SWIFT_VERSION = 4.0;
				TARGETED_DEVICE_FAMILY = "1,2";
			};
			name = Debug;
		};
		04EA54CD1FB714BD007B09FE /* Release */ = {
			isa = XCBuildConfiguration;
			buildSettings = {
				ASSETCATALOG_COMPILER_APPICON_NAME = AppIcon;
				CODE_SIGN_STYLE = Automatic;
				DEVELOPMENT_TEAM = 9RWL9BWXDB;
				INFOPLIST_FILE = test2/Info.plist;
				LD_RUNPATH_SEARCH_PATHS = "$(inherited) @executable_path/Frameworks";
				PRODUCT_BUNDLE_IDENTIFIER = com.default.test2;
				PRODUCT_NAME = "$(TARGET_NAME)";
				SWIFT_VERSION = 4.0;
				TARGETED_DEVICE_FAMILY = "1,2";
			};
			name = Release;
		};
		04EA54CF1FB714BD007B09FE /* Debug */ = {
			isa = XCBuildConfiguration;
			buildSettings = {
				ALWAYS_EMBED_SWIFT_STANDARD_LIBRARIES = YES;
				BUNDLE_LOADER = "$(TEST_HOST)";
				CODE_SIGN_STYLE = Automatic;
				DEVELOPMENT_TEAM = 9RWL9BWXDB;
				INFOPLIST_FILE = test2Tests/Info.plist;
				LD_RUNPATH_SEARCH_PATHS = "$(inherited) @executable_path/Frameworks @loader_path/Frameworks";
				PRODUCT_BUNDLE_IDENTIFIER = com.default.test2Tests;
				PRODUCT_NAME = "$(TARGET_NAME)";
				SWIFT_VERSION = 4.0;
				TARGETED_DEVICE_FAMILY = "1,2";
				TEST_HOST = "$(BUILT_PRODUCTS_DIR)/test2.app/test2";
			};
			name = Debug;
		};
		04EA54D01FB714BD007B09FE /* Release */ = {
			isa = XCBuildConfiguration;
			buildSettings = {
				ALWAYS_EMBED_SWIFT_STANDARD_LIBRARIES = YES;
				BUNDLE_LOADER = "$(TEST_HOST)";
				CODE_SIGN_STYLE = Automatic;
				DEVELOPMENT_TEAM = 9RWL9BWXDB;
				INFOPLIST_FILE = test2Tests/Info.plist;
				LD_RUNPATH_SEARCH_PATHS = "$(inherited) @executable_path/Frameworks @loader_path/Frameworks";
				PRODUCT_BUNDLE_IDENTIFIER = com.default.test2Tests;
				PRODUCT_NAME = "$(TARGET_NAME)";
				SWIFT_VERSION = 4.0;
				TARGETED_DEVICE_FAMILY = "1,2";
				TEST_HOST = "$(BUILT_PRODUCTS_DIR)/test2.app/test2";
			};
			name = Release;
		};
		04EA54D21FB714BD007B09FE /* Debug */ = {
			isa = XCBuildConfiguration;
			buildSettings = {
				ALWAYS_EMBED_SWIFT_STANDARD_LIBRARIES = YES;
				CODE_SIGN_STYLE = Automatic;
				DEVELOPMENT_TEAM = 9RWL9BWXDB;
				INFOPLIST_FILE = test2UITests/Info.plist;
				LD_RUNPATH_SEARCH_PATHS = "$(inherited) @executable_path/Frameworks @loader_path/Frameworks";
				PRODUCT_BUNDLE_IDENTIFIER = com.default.test2UITests;
				PRODUCT_NAME = "$(TARGET_NAME)";
				SWIFT_VERSION = 4.0;
				TARGETED_DEVICE_FAMILY = "1,2";
				TEST_TARGET_NAME = test2;
			};
			name = Debug;
		};
		04EA54D31FB714BD007B09FE /* Release */ = {
			isa = XCBuildConfiguration;
			buildSettings = {
				ALWAYS_EMBED_SWIFT_STANDARD_LIBRARIES = YES;
				CODE_SIGN_STYLE = Automatic;
				DEVELOPMENT_TEAM = 9RWL9BWXDB;
				INFOPLIST_FILE = test2UITests/Info.plist;
				LD_RUNPATH_SEARCH_PATHS = "$(inherited) @executable_path/Frameworks @loader_path/Frameworks";
				PRODUCT_BUNDLE_IDENTIFIER = com.default.test2UITests;
				PRODUCT_NAME = "$(TARGET_NAME)";
				SWIFT_VERSION = 4.0;
				TARGETED_DEVICE_FAMILY = "1,2";
				TEST_TARGET_NAME = test2;
			};
			name = Release;
		};
/* End XCBuildConfiguration section */

/* Begin XCConfigurationList section */
		04EA549B1FB714BD007B09FE /* Build configuration list for PBXProject "test2" */ = {
			isa = XCConfigurationList;
			buildConfigurations = (
				04EA54C91FB714BD007B09FE /* Debug */,
				04EA54CA1FB714BD007B09FE /* Release */,
			);
			defaultConfigurationIsVisible = 0;
			defaultConfigurationName = Release;
		};
		04EA54CB1FB714BD007B09FE /* Build configuration list for PBXNativeTarget "test2" */ = {
			isa = XCConfigurationList;
			buildConfigurations = (
				04EA54CC1FB714BD007B09FE /* Debug */,
				04EA54CD1FB714BD007B09FE /* Release */,
			);
			defaultConfigurationIsVisible = 0;
			defaultConfigurationName = Release;
		};
		04EA54CE1FB714BD007B09FE /* Build configuration list for PBXNativeTarget "test2Tests" */ = {
			isa = XCConfigurationList;
			buildConfigurations = (
				04EA54CF1FB714BD007B09FE /* Debug */,
				04EA54D01FB714BD007B09FE /* Release */,
			);
			defaultConfigurationIsVisible = 0;
			defaultConfigurationName = Release;
		};
		04EA54D11FB714BD007B09FE /* Build configuration list for PBXNativeTarget "test2UITests" */ = {
			isa = XCConfigurationList;
			buildConfigurations = (
				04EA54D21FB714BD007B09FE /* Debug */,
				04EA54D31FB714BD007B09FE /* Release */,
			);
			defaultConfigurationIsVisible = 0;
			defaultConfigurationName = Release;
		};
/* End XCConfigurationList section */

/* Begin XCVersionGroup section */
		04EA54AA1FB714BD007B09FE /* test2.xcdatamodeld */ = {
			isa = XCVersionGroup;
			children = (
				04EA54AB1FB714BD007B09FE /* test2.xcdatamodel */,
			);
			currentVersion = 04EA54AB1FB714BD007B09FE /* test2.xcdatamodel */;
			path = test2.xcdatamodeld;
			sourceTree = "<group>";
			versionGroupType = wrapper.xcdatamodel;
		};
/* End XCVersionGroup section */
	};
	rootObject = 04EA54981FB714BD007B09FE /* Project object */;
}
